
Microsoft Visual Studio Solution File, Format Version 12.00
# Visual Studio Version 17
VisualStudioVersion = 17.13.35931.197 d17.13
MinimumVisualStudioVersion = 10.0.40219.1
Project("{FAE04EC0-301F-11D3-BF4B-00C04F79EFBC}") = "QuanLyKiemTra", "QuanLyKiemTra\QuanLyKiemTra.csproj", "{6B77F6BC-8F84-42EA-81FB-62278AECAE8F}"
EndProject
Global
	GlobalSection(SolutionConfigurationPlatforms) = preSolution
		Debug|Any CPU = Debug|Any CPU
		Release|Any CPU = Release|Any CPU
	EndGlobalSection
	GlobalSection(ProjectConfigurationPlatforms) = postSolution
		{6B77F6BC-8F84-42EA-81FB-62278AECAE8F}.Debug|Any CPU.ActiveCfg = Debug|Any CPU
		{6B77F6BC-8F84-42EA-81FB-62278AECAE8F}.Debug|Any CPU.Build.0 = Debug|Any CPU
		{6B77F6BC-8F84-42EA-81FB-62278AECAE8F}.Release|Any CPU.ActiveCfg = Release|Any CPU
		{6B77F6BC-8F84-42EA-81FB-62278AECAE8F}.Release|Any CPU.Build.0 = Release|Any CPU
	EndGlobalSection
	GlobalSection(SolutionProperties) = preSolution
		HideSolutionNode = FALSE
	EndGlobalSection
	GlobalSection(ExtensibilityGlobals) = postSolution
		SolutionGuid = {712E5D58-BBBE-4F12-B25D-F230482919A3}
	EndGlobalSection
EndGlobal
